
Microsoft Visual Studio Solution File, Format Version 12.00
# Visual Studio Version 17
VisualStudioVersion = 17.12.35527.113 d17.12
MinimumVisualStudioVersion = 10.0.40219.1
Project("{FAE04EC0-301F-11D3-BF4B-00C04F79EFBC}") = "MainApp", "MainApp\MainApp.csproj", "{788CEEF6-3B33-465A-AC16-4236F4C8B494}"
EndProject
Project("{FAE04EC0-301F-11D3-BF4B-00C04F79EFBC}") = "Business", "Business\Business.csproj", "{2C345683-2406-4DA6-94A5-31D8515C463B}"
EndProject
Global
	GlobalSection(SolutionConfigurationPlatforms) = preSolution
		Debug|Any CPU = Debug|Any CPU
		Release|Any CPU = Release|Any CPU
	EndGlobalSection
	GlobalSection(ProjectConfigurationPlatforms) = postSolution
		{788CEEF6-3B33-465A-AC16-4236F4C8B494}.Debug|Any CPU.ActiveCfg = Debug|Any CPU
		{788CEEF6-3B33-465A-AC16-4236F4C8B494}.Debug|Any CPU.Build.0 = Debug|Any CPU
		{788CEEF6-3B33-465A-AC16-4236F4C8B494}.Release|Any CPU.ActiveCfg = Release|Any CPU
		{788CEEF6-3B33-465A-AC16-4236F4C8B494}.Release|Any CPU.Build.0 = Release|Any CPU
		{2C345683-2406-4DA6-94A5-31D8515C463B}.Debug|Any CPU.ActiveCfg = Debug|Any CPU
		{2C345683-2406-4DA6-94A5-31D8515C463B}.Debug|Any CPU.Build.0 = Debug|Any CPU
		{2C345683-2406-4DA6-94A5-31D8515C463B}.Release|Any CPU.ActiveCfg = Release|Any CPU
		{2C345683-2406-4DA6-94A5-31D8515C463B}.Release|Any CPU.Build.0 = Release|Any CPU
	EndGlobalSection
	GlobalSection(SolutionProperties) = preSolution
		HideSolutionNode = FALSE
	EndGlobalSection
EndGlobal
